
Microsoft Visual Studio Solution File, Format Version 12.00
# Visual Studio Version 17
VisualStudioVersion = 17.2.32630.192
MinimumVisualStudioVersion = 10.0.40219.1
Project("{9A19103F-16F7-4668-BE54-9A1E7A4F7556}") = "DiscordWebhookConfession", "Confession Discord Webhook\DiscordWebhookConfession.csproj", "{CC43DC4B-7EFC-40F7-9137-41CA1A4F4E04}"
EndProject
Global
	GlobalSection(SolutionConfigurationPlatforms) = preSolution
		Debug|Any CPU = Debug|Any CPU
		Release|Any CPU = Release|Any CPU
	EndGlobalSection
	GlobalSection(ProjectConfigurationPlatforms) = postSolution
		{CC43DC4B-7EFC-40F7-9137-41CA1A4F4E04}.Debug|Any CPU.ActiveCfg = Debug|Any CPU
		{CC43DC4B-7EFC-40F7-9137-41CA1A4F4E04}.Debug|Any CPU.Build.0 = Debug|Any CPU
		{CC43DC4B-7EFC-40F7-9137-41CA1A4F4E04}.Release|Any CPU.ActiveCfg = Release|Any CPU
		{CC43DC4B-7EFC-40F7-9137-41CA1A4F4E04}.Release|Any CPU.Build.0 = Release|Any CPU
	EndGlobalSection
	GlobalSection(SolutionProperties) = preSolution
		HideSolutionNode = FALSE
	EndGlobalSection
	GlobalSection(ExtensibilityGlobals) = postSolution
		SolutionGuid = {FFEFD9A6-4333-44F8-9034-F8BADC7E8767}
	EndGlobalSection
EndGlobal
